
Microsoft Visual Studio Solution File, Format Version 12.00
Project("{FAE04EC0-301F-11D3-BF4B-00C04F79EFBC}") = "ApiRequests", "ApiRequests\ApiRequests.csproj", "{AA84E903-360F-4246-BCB2-EA37E45196A9}"
EndProject
Global
	GlobalSection(SolutionConfigurationPlatforms) = preSolution
		Debug|Any CPU = Debug|Any CPU
		Release|Any CPU = Release|Any CPU
	EndGlobalSection
	GlobalSection(ProjectConfigurationPlatforms) = postSolution
		{AA84E903-360F-4246-BCB2-EA37E45196A9}.Debug|Any CPU.ActiveCfg = Debug|Any CPU
		{AA84E903-360F-4246-BCB2-EA37E45196A9}.Debug|Any CPU.Build.0 = Debug|Any CPU
		{AA84E903-360F-4246-BCB2-EA37E45196A9}.Release|Any CPU.ActiveCfg = Release|Any CPU
		{AA84E903-360F-4246-BCB2-EA37E45196A9}.Release|Any CPU.Build.0 = Release|Any CPU
	EndGlobalSection
EndGlobal
